
Microsoft Visual Studio Solution File, Format Version 12.00
# Visual Studio Version 16
VisualStudioVersion = 16.0.31129.286
MinimumVisualStudioVersion = 10.0.40219.1
Project("{FAE04EC0-301F-11D3-BF4B-00C04F79EFBC}") = "APIGateway", "APIGateway\APIGateway.csproj", "{3573C2FD-6368-4E24-AB27-D3F15CFC139D}"
EndProject
Project("{2150E333-8FDC-42A3-9474-1A3956D46DE8}") = "Services", "Services", "{E4225401-C254-44A8-905C-69048BB0E971}"
EndProject
Project("{FAE04EC0-301F-11D3-BF4B-00C04F79EFBC}") = "Contact.API", "Services\ContactAPI\Contact.API\Contact.API.csproj", "{D85E7878-0ED5-4BE2-9831-65E3DDE7398F}"
EndProject
Project("{FAE04EC0-301F-11D3-BF4B-00C04F79EFBC}") = "Reservation.API", "Services\ResAPI\ReservationAPI\Reservation.API.csproj", "{46EE729D-080C-41DB-8606-C5CA41098D55}"
EndProject
Project("{2150E333-8FDC-42A3-9474-1A3956D46DE8}") = "ContactAPI", "ContactAPI", "{6308F6E5-B934-49FA-B049-17DA5E1F4249}"
EndProject
Project("{2150E333-8FDC-42A3-9474-1A3956D46DE8}") = "ReservationAPI", "ReservationAPI", "{D3056266-F04A-4C07-A0D1-82EB50269FD6}"
EndProject
Project("{FAE04EC0-301F-11D3-BF4B-00C04F79EFBC}") = "Contact.API.Infrastructure", "Services\ContactAPI\Contact.API.Infrastructure\Contact.API.Infrastructure.csproj", "{42F0EF36-83BD-41E9-9F63-85236B6F8D76}"
EndProject
Project("{FAE04EC0-301F-11D3-BF4B-00C04F79EFBC}") = "Contact.API.Models", "Services\ContactAPI\Contact.API.Models\Contact.API.Models.csproj", "{800DAE89-8B32-4B27-B92D-4A1FB6499F3E}"
EndProject
Project("{FAE04EC0-301F-11D3-BF4B-00C04F79EFBC}") = "Contact.API.Services", "Services\ContactAPI\Contact.API.Services\Contact.API.Services.csproj", "{7BA8DA4F-DCB3-4F38-A491-E6667B629B6B}"
EndProject
Project("{FAE04EC0-301F-11D3-BF4B-00C04F79EFBC}") = "Reservation.API.Infrastructure", "Services\ResAPI\Reservation.API.Infrastructure\Reservation.API.Infrastructure.csproj", "{F54336FA-CBD7-4348-A2C6-6AE3AE517EBD}"
EndProject
Project("{FAE04EC0-301F-11D3-BF4B-00C04F79EFBC}") = "Reservation.API.Models", "Services\ResAPI\Reservation.API.Models\Reservation.API.Models.csproj", "{3F3F7477-151A-4B10-98F0-963384699056}"
EndProject
Project("{FAE04EC0-301F-11D3-BF4B-00C04F79EFBC}") = "Reservation.API.Services", "Services\ResAPI\Reservation.API.Services\Reservation.API.Services.csproj", "{4C4556DD-8CC9-4970-B094-72F374B9734A}"
EndProject
Global
	GlobalSection(SolutionConfigurationPlatforms) = preSolution
		Debug|Any CPU = Debug|Any CPU
		Release|Any CPU = Release|Any CPU
	EndGlobalSection
	GlobalSection(ProjectConfigurationPlatforms) = postSolution
		{3573C2FD-6368-4E24-AB27-D3F15CFC139D}.Debug|Any CPU.ActiveCfg = Debug|Any CPU
		{3573C2FD-6368-4E24-AB27-D3F15CFC139D}.Debug|Any CPU.Build.0 = Debug|Any CPU
		{3573C2FD-6368-4E24-AB27-D3F15CFC139D}.Release|Any CPU.ActiveCfg = Release|Any CPU
		{3573C2FD-6368-4E24-AB27-D3F15CFC139D}.Release|Any CPU.Build.0 = Release|Any CPU
		{D85E7878-0ED5-4BE2-9831-65E3DDE7398F}.Debug|Any CPU.ActiveCfg = Debug|Any CPU
		{D85E7878-0ED5-4BE2-9831-65E3DDE7398F}.Debug|Any CPU.Build.0 = Debug|Any CPU
		{D85E7878-0ED5-4BE2-9831-65E3DDE7398F}.Release|Any CPU.ActiveCfg = Release|Any CPU
		{D85E7878-0ED5-4BE2-9831-65E3DDE7398F}.Release|Any CPU.Build.0 = Release|Any CPU
		{46EE729D-080C-41DB-8606-C5CA41098D55}.Debug|Any CPU.ActiveCfg = Debug|Any CPU
		{46EE729D-080C-41DB-8606-C5CA41098D55}.Debug|Any CPU.Build.0 = Debug|Any CPU
		{46EE729D-080C-41DB-8606-C5CA41098D55}.Release|Any CPU.ActiveCfg = Release|Any CPU
		{46EE729D-080C-41DB-8606-C5CA41098D55}.Release|Any CPU.Build.0 = Release|Any CPU
		{42F0EF36-83BD-41E9-9F63-85236B6F8D76}.Debug|Any CPU.ActiveCfg = Debug|Any CPU
		{42F0EF36-83BD-41E9-9F63-85236B6F8D76}.Debug|Any CPU.Build.0 = Debug|Any CPU
		{42F0EF36-83BD-41E9-9F63-85236B6F8D76}.Release|Any CPU.ActiveCfg = Release|Any CPU
		{42F0EF36-83BD-41E9-9F63-85236B6F8D76}.Release|Any CPU.Build.0 = Release|Any CPU
		{800DAE89-8B32-4B27-B92D-4A1FB6499F3E}.Debug|Any CPU.ActiveCfg = Debug|Any CPU
		{800DAE89-8B32-4B27-B92D-4A1FB6499F3E}.Debug|Any CPU.Build.0 = Debug|Any CPU
		{800DAE89-8B32-4B27-B92D-4A1FB6499F3E}.Release|Any CPU.ActiveCfg = Release|Any CPU
		{800DAE89-8B32-4B27-B92D-4A1FB6499F3E}.Release|Any CPU.Build.0 = Release|Any CPU
		{7BA8DA4F-DCB3-4F38-A491-E6667B629B6B}.Debug|Any CPU.ActiveCfg = Debug|Any CPU
		{7BA8DA4F-DCB3-4F38-A491-E6667B629B6B}.Debug|Any CPU.Build.0 = Debug|Any CPU
		{7BA8DA4F-DCB3-4F38-A491-E6667B629B6B}.Release|Any CPU.ActiveCfg = Release|Any CPU
		{7BA8DA4F-DCB3-4F38-A491-E6667B629B6B}.Release|Any CPU.Build.0 = Release|Any CPU
		{F54336FA-CBD7-4348-A2C6-6AE3AE517EBD}.Debug|Any CPU.ActiveCfg = Debug|Any CPU
		{F54336FA-CBD7-4348-A2C6-6AE3AE517EBD}.Debug|Any CPU.Build.0 = Debug|Any CPU
		{F54336FA-CBD7-4348-A2C6-6AE3AE517EBD}.Release|Any CPU.ActiveCfg = Release|Any CPU
		{F54336FA-CBD7-4348-A2C6-6AE3AE517EBD}.Release|Any CPU.Build.0 = Release|Any CPU
		{3F3F7477-151A-4B10-98F0-963384699056}.Debug|Any CPU.ActiveCfg = Debug|Any CPU
		{3F3F7477-151A-4B10-98F0-963384699056}.Debug|Any CPU.Build.0 = Debug|Any CPU
		{3F3F7477-151A-4B10-98F0-963384699056}.Release|Any CPU.ActiveCfg = Release|Any CPU
		{3F3F7477-151A-4B10-98F0-963384699056}.Release|Any CPU.Build.0 = Release|Any CPU
		{4C4556DD-8CC9-4970-B094-72F374B9734A}.Debug|Any CPU.ActiveCfg = Debug|Any CPU
		{4C4556DD-8CC9-4970-B094-72F374B9734A}.Debug|Any CPU.Build.0 = Debug|Any CPU
		{4C4556DD-8CC9-4970-B094-72F374B9734A}.Release|Any CPU.ActiveCfg = Release|Any CPU
		{4C4556DD-8CC9-4970-B094-72F374B9734A}.Release|Any CPU.Build.0 = Release|Any CPU
	EndGlobalSection
	GlobalSection(SolutionProperties) = preSolution
		HideSolutionNode = FALSE
	EndGlobalSection
	GlobalSection(NestedProjects) = preSolution
		{D85E7878-0ED5-4BE2-9831-65E3DDE7398F} = {6308F6E5-B934-49FA-B049-17DA5E1F4249}
		{46EE729D-080C-41DB-8606-C5CA41098D55} = {D3056266-F04A-4C07-A0D1-82EB50269FD6}
		{6308F6E5-B934-49FA-B049-17DA5E1F4249} = {E4225401-C254-44A8-905C-69048BB0E971}
		{D3056266-F04A-4C07-A0D1-82EB50269FD6} = {E4225401-C254-44A8-905C-69048BB0E971}
		{42F0EF36-83BD-41E9-9F63-85236B6F8D76} = {6308F6E5-B934-49FA-B049-17DA5E1F4249}
		{800DAE89-8B32-4B27-B92D-4A1FB6499F3E} = {6308F6E5-B934-49FA-B049-17DA5E1F4249}
		{7BA8DA4F-DCB3-4F38-A491-E6667B629B6B} = {6308F6E5-B934-49FA-B049-17DA5E1F4249}
		{F54336FA-CBD7-4348-A2C6-6AE3AE517EBD} = {D3056266-F04A-4C07-A0D1-82EB50269FD6}
		{3F3F7477-151A-4B10-98F0-963384699056} = {D3056266-F04A-4C07-A0D1-82EB50269FD6}
		{4C4556DD-8CC9-4970-B094-72F374B9734A} = {D3056266-F04A-4C07-A0D1-82EB50269FD6}
	EndGlobalSection
	GlobalSection(ExtensibilityGlobals) = postSolution
		SolutionGuid = {93CE420F-1105-4625-9FA3-DBA031155299}
	EndGlobalSection
EndGlobal
